
Microsoft Visual Studio Solution File, Format Version 12.00
# Visual Studio Version 16
VisualStudioVersion = 16.0.31410.357
MinimumVisualStudioVersion = 10.0.40219.1
Project("{FAE04EC0-301F-11D3-BF4B-00C04F79EFBC}") = "MidiNoteParser", "MidiNoteParser\MidiNoteParser.csproj", "{7920361B-B710-4449-95B2-790C48E3B850}"
EndProject
Project("{FAE04EC0-301F-11D3-BF4B-00C04F79EFBC}") = "MusicTheory", "MusicTheory\MusicTheory.csproj", "{8F581DD2-055D-49FE-A7CC-94A8CF87D5C2}"
EndProject
Global
	GlobalSection(SolutionConfigurationPlatforms) = preSolution
		Debug|Any CPU = Debug|Any CPU
		Release|Any CPU = Release|Any CPU
	EndGlobalSection
	GlobalSection(ProjectConfigurationPlatforms) = postSolution
		{7920361B-B710-4449-95B2-790C48E3B850}.Debug|Any CPU.ActiveCfg = Debug|Any CPU
		{7920361B-B710-4449-95B2-790C48E3B850}.Debug|Any CPU.Build.0 = Debug|Any CPU
		{7920361B-B710-4449-95B2-790C48E3B850}.Release|Any CPU.ActiveCfg = Release|Any CPU
		{7920361B-B710-4449-95B2-790C48E3B850}.Release|Any CPU.Build.0 = Release|Any CPU
		{8F581DD2-055D-49FE-A7CC-94A8CF87D5C2}.Debug|Any CPU.ActiveCfg = Debug|Any CPU
		{8F581DD2-055D-49FE-A7CC-94A8CF87D5C2}.Debug|Any CPU.Build.0 = Debug|Any CPU
		{8F581DD2-055D-49FE-A7CC-94A8CF87D5C2}.Release|Any CPU.ActiveCfg = Release|Any CPU
		{8F581DD2-055D-49FE-A7CC-94A8CF87D5C2}.Release|Any CPU.Build.0 = Release|Any CPU
	EndGlobalSection
	GlobalSection(SolutionProperties) = preSolution
		HideSolutionNode = FALSE
	EndGlobalSection
	GlobalSection(ExtensibilityGlobals) = postSolution
		SolutionGuid = {DF47DCB9-183E-4C68-9AAC-8D2B050FD611}
	EndGlobalSection
EndGlobal
